
Microsoft Visual Studio Solution File, Format Version 12.00
# Visual Studio Version 17
VisualStudioVersion = 17.5.002.0
MinimumVisualStudioVersion = 10.0.40219.1
Project("{2150E333-8FDC-42A3-9474-1A3956D46DE8}") = "back", "back", "{AB7F403A-4820-40D5-ABE8-BBC11F10F3E5}"
EndProject
Project("{2150E333-8FDC-42A3-9474-1A3956D46DE8}") = "src", "src", "{F65AAE34-ED35-4198-8F72-36540D3CE1E3}"
EndProject
Project("{9A19103F-16F7-4668-BE54-9A1E7A4F7556}") = "School.API", "back\src\School.API\School.API.csproj", "{9DD9EEAB-F41D-47D2-9149-921769F443DA}"
EndProject
Global
	GlobalSection(SolutionConfigurationPlatforms) = preSolution
		Debug|Any CPU = Debug|Any CPU
		Release|Any CPU = Release|Any CPU
	EndGlobalSection
	GlobalSection(ProjectConfigurationPlatforms) = postSolution
		{9DD9EEAB-F41D-47D2-9149-921769F443DA}.Debug|Any CPU.ActiveCfg = Debug|Any CPU
		{9DD9EEAB-F41D-47D2-9149-921769F443DA}.Debug|Any CPU.Build.0 = Debug|Any CPU
		{9DD9EEAB-F41D-47D2-9149-921769F443DA}.Release|Any CPU.ActiveCfg = Release|Any CPU
		{9DD9EEAB-F41D-47D2-9149-921769F443DA}.Release|Any CPU.Build.0 = Release|Any CPU
	EndGlobalSection
	GlobalSection(SolutionProperties) = preSolution
		HideSolutionNode = FALSE
	EndGlobalSection
	GlobalSection(NestedProjects) = preSolution
		{F65AAE34-ED35-4198-8F72-36540D3CE1E3} = {AB7F403A-4820-40D5-ABE8-BBC11F10F3E5}
		{9DD9EEAB-F41D-47D2-9149-921769F443DA} = {F65AAE34-ED35-4198-8F72-36540D3CE1E3}
	EndGlobalSection
	GlobalSection(ExtensibilityGlobals) = postSolution
		SolutionGuid = {DAC34A3F-0FF0-487F-A9BB-92B4FB7F8437}
	EndGlobalSection
EndGlobal
